dependencies:
- name: postgres
  repository: file://../charts/postgres
  version: 0.1.0
- name: redis
  repository: file://../charts/redis
  version: 0.1.0
- name: elasticsearch
  repository: file://../charts/elasticsearch
  version: 0.1.0
- name: telemetry-simulator
  repository: file://../charts/telemetry-simulator
  version: 0.1.0
- name: ingestion-service
  repository: file://../charts/ingestion-service
  version: 0.1.0
- name: alert-engine
  repository: file://../charts/alert-engine
  version: 0.1.0
- name: event-store-service
  repository: file://../charts/event-store-service
  version: 0.1.0
- name: api-service
  repository: file://../charts/api-service
  version: 0.1.0
- name: dashboard
  repository: file://../charts/dashboard
  version: 0.1.0
- name: prometheus
  repository: https://prometheus-community.github.io/helm-charts
  version: 29.2.1
- name: grafana
  repository: https://grafana.github.io/helm-charts
  version: 10.5.15
digest: sha256:9cf49bd0666c11b6b864a32e30a867fd888f9d58660646a3ff45ce8c61fa89e0
generated: "2026-04-27T10:12:19.0536959+01:00"
